# THIS IS AN AUTOGENERATED FILE. DO NOT EDIT THIS FILE DIRECTLY.
# yarn lockfile v1


"@babel/runtime@^7.6.3":
  version "7.7.2"
  resolved "https://registry.yarnpkg.com/@babel/runtime/-/runtime-7.7.2.tgz#111a78002a5c25fc8e3361bedc9529c696b85a6a"
  integrity sha512-JONRbXbTXc9WQE2mAZd1p0Z3DZ/6vaQIkgYMSTP3KjRCyd7rCZCcfhCyX+YjwcKxcZ82UrxbRD358bpExNgrjw==
  dependencies:
    regenerator-runtime "^0.13.2"

"package-a@link:./package-a":
  version "0.0.0"
  uid ""

"package-b@link:./package-b":
  version "0.0.0"
  uid ""

pneumatic-pipelines@1.5.0:
  version "1.5.0"
  resolved "https://registry.yarnpkg.com/pneumatic-pipelines/-/pneumatic-pipelines-1.5.0.tgz#1bc0acdb04d997682849c5892731d06652cc7cfc"
  integrity sha512-1fCtb/cK+R+4oIgJi+31GiyDLKW/aC4IdiShSx7askuVnx5kVSPCGPMtktDi5EcSzGoxDipIdTzA+F00VQJerA==
  dependencies:
    ramda "^0.26.1"
    yaml "^1.3.1"

ramda@0.17.0:
  version "0.17.0"
  resolved "https://registry.yarnpkg.com/ramda/-/ramda-0.17.0.tgz#4bc34dde04c9fa0d7ba0a0d5a080f49f3a2bc9a7"
  integrity sha1-S8NN3gTJ+g17oKDVoID0nzoryac=

ramda@^0.26.1:
  version "0.26.1"
  resolved "https://registry.yarnpkg.com/ramda/-/ramda-0.26.1.tgz#8d41351eb8111c55353617fc3bbffad8e4d35d06"
  integrity sha512-hLWjpy7EnsDBb0p+Z3B7rPi3GDeRG5ZtiI33kJhTt+ORCd38AbAIjB/9zRIUoeTbE/AVX5ZkU7m6bznsvrf8eQ==

regenerator-runtime@^0.13.2:
  version "0.13.3"
  resolved "https://registry.yarnpkg.com/regenerator-runtime/-/regenerator-runtime-0.13.3.tgz#7cf6a77d8f5c6f60eb73c5fc1955b2ceb01e6bf5"
  integrity sha512-naKIZz2GQ8JWh///G7L3X6LaQUAMp2lvb1rvwwsURe/VXwD6VMfr+/1NuNw3ag8v2kY1aQ/go5SNn79O9JU7yw==

yaml@^1.3.1:
  version "1.7.2"
  resolved "https://registry.yarnpkg.com/yaml/-/yaml-1.7.2.tgz#f26aabf738590ab61efaca502358e48dc9f348b2"
  integrity sha512-qXROVp90sb83XtAoqE8bP9RwAkTTZbugRUTm5YeFCBfNRPEp2YzTeqWiz7m5OORHzEvrA/qcGS8hp/E+MMROYw==
  dependencies:
    "@babel/runtime" "^7.6.3"
